
Microsoft Visual Studio Solution File, Format Version 12.00
# Visual Studio Version 17
VisualStudioVersion = 17.0.31903.59
MinimumVisualStudioVersion = 10.0.40219.1
Project("{FAE04EC0-301F-11D3-BF4B-00C04F79EFBC}") = "NorthWind.Web", "NorthWind.Web\NorthWind.Web.csproj", "{542EA71C-E844-4CAF-BB30-ECFBFE7FB3CF}"
EndProject
Project("{FAE04EC0-301F-11D3-BF4B-00C04F79EFBC}") = "NorthWind.Api", "NorthWind.Api\NorthWind.Api.csproj", "{0040CC07-58BC-4B54-854F-7AC6CBAB8C59}"
EndProject
Project("{FAE04EC0-301F-11D3-BF4B-00C04F79EFBC}") = "NorthWind.Core", "NorthWind.Core\NorthWind.Core.csproj", "{35D87718-2034-48E1-BC54-8C8E2E068888}"
EndProject
Global
	GlobalSection(SolutionConfigurationPlatforms) = preSolution
		Debug|Any CPU = Debug|Any CPU
		Release|Any CPU = Release|Any CPU
	EndGlobalSection
	GlobalSection(SolutionProperties) = preSolution
		HideSolutionNode = FALSE
	EndGlobalSection
	GlobalSection(ProjectConfigurationPlatforms) = postSolution
		{542EA71C-E844-4CAF-BB30-ECFBFE7FB3CF}.Debug|Any CPU.ActiveCfg = Debug|Any CPU
		{542EA71C-E844-4CAF-BB30-ECFBFE7FB3CF}.Debug|Any CPU.Build.0 = Debug|Any CPU
		{542EA71C-E844-4CAF-BB30-ECFBFE7FB3CF}.Release|Any CPU.ActiveCfg = Release|Any CPU
		{542EA71C-E844-4CAF-BB30-ECFBFE7FB3CF}.Release|Any CPU.Build.0 = Release|Any CPU
		{0040CC07-58BC-4B54-854F-7AC6CBAB8C59}.Debug|Any CPU.ActiveCfg = Debug|Any CPU
		{0040CC07-58BC-4B54-854F-7AC6CBAB8C59}.Debug|Any CPU.Build.0 = Debug|Any CPU
		{0040CC07-58BC-4B54-854F-7AC6CBAB8C59}.Release|Any CPU.ActiveCfg = Release|Any CPU
		{0040CC07-58BC-4B54-854F-7AC6CBAB8C59}.Release|Any CPU.Build.0 = Release|Any CPU
		{35D87718-2034-48E1-BC54-8C8E2E068888}.Debug|Any CPU.ActiveCfg = Debug|Any CPU
		{35D87718-2034-48E1-BC54-8C8E2E068888}.Debug|Any CPU.Build.0 = Debug|Any CPU
		{35D87718-2034-48E1-BC54-8C8E2E068888}.Release|Any CPU.ActiveCfg = Release|Any CPU
		{35D87718-2034-48E1-BC54-8C8E2E068888}.Release|Any CPU.Build.0 = Release|Any CPU
	EndGlobalSection
EndGlobal
